{
  "version": 4,
  "terraform_version": "1.6.5",
  "serial": 29,
  "lineage": "0660f633-4dda-484a-c927-817a89743b88",
  "outputs": {},
  "resources": [
    {
      "mode": "managed",
      "type": "google_compute_firewall",
      "name": "allow-http",
      "provider": "provider[\"registry.terraform.io/hashicorp/google\"]",
      "instances": [
        {
          "schema_version": 1,
          "attributes": {
            "allow": [
              {
                "ports": [
                  "80"
                ],
                "protocol": "tcp"
              }
            ],
            "creation_timestamp": "2023-12-05T02:54:14.074-08:00",
            "deny": [],
            "description": "",
            "destination_ranges": [],
            "direction": "INGRESS",
            "disabled": false,
            "enable_logging": null,
            "id": "projects/akiva-sandbox/global/firewalls/allow-http",
            "log_config": [],
            "name": "allow-http",
            "network": "https://www.googleapis.com/compute/v1/projects/akiva-sandbox/global/networks/default",
            "priority": 1000,
            "project": "akiva-sandbox",
            "self_link": "https://www.googleapis.com/compute/v1/projects/akiva-sandbox/global/firewalls/allow-http",
            "source_ranges": [
              "0.0.0.0/0"
            ],
            "source_service_accounts": [],
            "source_tags": [],
            "target_service_accounts": [],
            "target_tags": [],
            "timeouts": null
          },
          "sensitive_attributes": [],
          "private": "eyJlMmJmYjczMC1lY2FhLTExZTYtOGY4OC0zNDM2M2JjN2M0YzAiOnsiY3JlYXRlIjoxMjAwMDAwMDAwMDAwLCJkZWxldGUiOjEyMDAwMDAwMDAwMDAsInVwZGF0ZSI6MTIwMDAwMDAwMDAwMH0sInNjaGVtYV92ZXJzaW9uIjoiMSJ9"
        }
      ]
    },
    {
      "mode": "managed",
      "type": "google_compute_instance_group_manager",
      "name": "app_instance_group_manager",
      "provider": "provider[\"registry.terraform.io/hashicorp/google\"]",
      "instances": [
        {
          "schema_version": 0,
          "attributes": {
            "auto_healing_policies": [],
            "base_instance_name": "app-instance",
            "description": "",
            "fingerprint": "TQ9dx4W1NC4=",
            "id": "projects/akiva-sandbox/zones/us-central1-a/instanceGroupManagers/app-instance-group-manager",
            "instance_group": "https://www.googleapis.com/compute/v1/projects/akiva-sandbox/zones/us-central1-a/instanceGroups/app-instance-group-manager",
            "instance_lifecycle_policy": [
              {
                "force_update_on_repair": "NO"
              }
            ],
            "list_managed_instances_results": "PAGELESS",
            "name": "app-instance-group-manager",
            "named_port": [
              {
                "name": "http",
                "port": 80
              }
            ],
            "operation": null,
            "project": "akiva-sandbox",
            "self_link": "https://www.googleapis.com/compute/v1/projects/akiva-sandbox/zones/us-central1-a/instanceGroupManagers/app-instance-group-manager",
            "stateful_disk": [],
            "stateful_external_ip": [],
            "stateful_internal_ip": [],
            "status": [
              {
                "is_stable": false,
                "stateful": [
                  {
                    "has_stateful_config": false,
                    "per_instance_configs": [
                      {
                        "all_effective": true
                      }
                    ]
                  }
                ],
                "version_target": [
                  {
                    "is_reached": true
                  }
                ]
              }
            ],
            "target_pools": null,
            "target_size": 2,
            "timeouts": null,
            "update_policy": [
              {
                "max_surge_fixed": 1,
                "max_surge_percent": 0,
                "max_unavailable_fixed": 1,
                "max_unavailable_percent": 0,
                "minimal_action": "REPLACE",
                "most_disruptive_allowed_action": "",
                "replacement_method": "SUBSTITUTE",
                "type": "OPPORTUNISTIC"
              }
            ],
            "version": [
              {
                "instance_template": "https://www.googleapis.com/compute/v1/projects/akiva-sandbox/global/instanceTemplates/app-instance-template",
                "name": "",
                "target_size": []
              }
            ],
            "wait_for_instances": false,
            "wait_for_instances_status": "STABLE",
            "zone": "us-central1-a"
          },
          "sensitive_attributes": [],
          "private": "eyJlMmJmYjczMC1lY2FhLTExZTYtOGY4OC0zNDM2M2JjN2M0YzAiOnsiY3JlYXRlIjo5MDAwMDAwMDAwMDAsImRlbGV0ZSI6OTAwMDAwMDAwMDAwLCJ1cGRhdGUiOjkwMDAwMDAwMDAwMH19",
          "dependencies": [
            "google_compute_instance_template.app_instance_template"
          ]
        }
      ]
    },
    {
      "mode": "managed",
      "type": "google_compute_instance_template",
      "name": "app_instance_template",
      "provider": "provider[\"registry.terraform.io/hashicorp/google\"]",
      "instances": [
        {
          "schema_version": 1,
          "attributes": {
            "advanced_machine_features": [],
            "can_ip_forward": false,
            "confidential_instance_config": null,
            "description": "",
            "disk": [
              {
                "auto_delete": true,
                "boot": true,
                "device_name": "persistent-disk-0",
                "disk_encryption_key": [],
                "disk_name": "",
                "disk_size_gb": 0,
                "disk_type": "pd-standard",
                "interface": "SCSI",
                "labels": null,
                "mode": "READ_WRITE",
                "provisioned_iops": 0,
                "resource_policies": null,
                "source": "",
                "source_image": "projects/ubuntu-os-cloud/global/images/ubuntu-2004-focal-v20220712",
                "source_image_encryption_key": [],
                "source_snapshot": "",
                "source_snapshot_encryption_key": [],
                "type": "PERSISTENT"
              }
            ],
            "effective_labels": {},
            "guest_accelerator": [],
            "id": "projects/akiva-sandbox/global/instanceTemplates/app-instance-template",
            "instance_description": "",
            "labels": null,
            "machine_type": "e2-micro",
            "metadata": null,
            "metadata_fingerprint": "QYoX9-DVaDU=",
            "metadata_startup_script": "#!/bin/bash\n\nset -e\nexec \u003e /tmp/debug-my-script.txt 2\u003e\u00261\n\nuseradd -m appadmin\nmkhomedir_helper appadmin\npasswd -d appadmin\nsleep 20\nsudo apt update\nsudo apt -y install curl\nsu - appadmin -c \"touch ~/.bash_profile\"\nsu - appadmin -c \"curl -o- https://raw.githubusercontent.com/nvm-sh/nvm/v0.38.0/install.sh | bash\"\nsleep 5\nsudo apt -y install npm\nsu - appadmin -c \"git clone https://github.com/commitgcp/okta-nodejs-postgres-weight-tracker-example.git ~/app/\"\nsu - appadmin -c \"cd ~/app/ \u0026\u0026 npm install\"\nsu - appadmin -c \". ~/.nvm/nvm.sh \u0026\u0026 nvm install 12 \u0026\u0026 sleep 10 \u0026\u0026 cd ~/app \u0026\u0026 npm run dev\"\n#su - appadmin -c \"npm run initdb\"",
            "min_cpu_platform": "",
            "name": "app-instance-template",
            "name_prefix": null,
            "network_interface": [
              {
                "access_config": [
                  {
                    "nat_ip": "",
                    "network_tier": "PREMIUM",
                    "public_ptr_domain_name": ""
                  }
                ],
                "alias_ip_range": [],
                "internal_ipv6_prefix_length": 0,
                "ipv6_access_config": [],
                "ipv6_access_type": "",
                "ipv6_address": "",
                "name": "nic0",
                "network": "https://www.googleapis.com/compute/v1/projects/akiva-sandbox/global/networks/default",
                "network_ip": "",
                "nic_type": "",
                "queue_count": 0,
                "stack_type": "",
                "subnetwork": "",
                "subnetwork_project": ""
              }
            ],
            "network_performance_config": [],
            "project": "akiva-sandbox",
            "region": null,
            "reservation_affinity": [],
            "resource_policies": null,
            "scheduling": [
              {
                "automatic_restart": true,
                "instance_termination_action": "",
                "local_ssd_recovery_timeout": [],
                "min_node_cpus": 0,
                "node_affinities": [],
                "on_host_maintenance": "MIGRATE",
                "preemptible": false,
                "provisioning_model": "STANDARD"
              }
            ],
            "self_link": "https://www.googleapis.com/compute/v1/projects/akiva-sandbox/global/instanceTemplates/app-instance-template",
            "self_link_unique": "https://www.googleapis.com/compute/v1/projects/akiva-sandbox/global/instanceTemplates/app-instance-template?uniqueId=3005224169605606885",
            "service_account": [],
            "shielded_instance_config": [],
            "tags": [
              "http-server",
              "https-server",
              "web"
            ],
            "tags_fingerprint": "",
            "terraform_labels": {},
            "timeouts": null
          },
          "sensitive_attributes": [],
          "private": "eyJlMmJmYjczMC1lY2FhLTExZTYtOGY4OC0zNDM2M2JjN2M0YzAiOnsiY3JlYXRlIjoyNDAwMDAwMDAwMDAsImRlbGV0ZSI6MjQwMDAwMDAwMDAwfSwic2NoZW1hX3ZlcnNpb24iOiIxIn0="
        }
      ]
    },
    {
      "mode": "managed",
      "type": "google_sql_database",
      "name": "app_database",
      "provider": "provider[\"registry.terraform.io/hashicorp/google\"]",
      "instances": [
        {
          "schema_version": 0,
          "attributes": {
            "charset": "UTF8",
            "collation": "en_US.UTF8",
            "deletion_policy": "DELETE",
            "id": "projects/akiva-sandbox/instances/app-db-instance/databases/app-database",
            "instance": "app-db-instance",
            "name": "app-database",
            "project": "akiva-sandbox",
            "self_link": "https://sqladmin.googleapis.com/sql/v1beta4/projects/akiva-sandbox/instances/app-db-instance/databases/app-database",
            "timeouts": null
          },
          "sensitive_attributes": [],
          "private": "eyJlMmJmYjczMC1lY2FhLTExZTYtOGY4OC0zNDM2M2JjN2M0YzAiOnsiY3JlYXRlIjoxMjAwMDAwMDAwMDAwLCJkZWxldGUiOjEyMDAwMDAwMDAwMDAsInVwZGF0ZSI6MTIwMDAwMDAwMDAwMH19",
          "dependencies": [
            "google_sql_database_instance.db_instance"
          ]
        }
      ]
    },
    {
      "mode": "managed",
      "type": "google_sql_database_instance",
      "name": "db_instance",
      "provider": "provider[\"registry.terraform.io/hashicorp/google\"]",
      "instances": [
        {
          "schema_version": 0,
          "attributes": {
            "available_maintenance_versions": [],
            "clone": [],
            "connection_name": "akiva-sandbox:us-central1:app-db-instance",
            "database_version": "POSTGRES_13",
            "deletion_protection": true,
            "dns_name": "",
            "encryption_key_name": null,
            "first_ip_address": "34.68.223.250",
            "id": "app-db-instance",
            "instance_type": "CLOUD_SQL_INSTANCE",
            "ip_address": [
              {
                "ip_address": "34.68.223.250",
                "time_to_retire": "",
                "type": "PRIMARY"
              },
              {
                "ip_address": "34.172.88.226",
                "time_to_retire": "",
                "type": "OUTGOING"
              }
            ],
            "maintenance_version": "POSTGRES_13_12.R20230830.01_04",
            "master_instance_name": "",
            "name": "app-db-instance",
            "private_ip_address": "",
            "project": "akiva-sandbox",
            "psc_service_attachment_link": "",
            "public_ip_address": "34.68.223.250",
            "region": "us-central1",
            "replica_configuration": [],
            "restore_backup_context": [],
            "root_password": null,
            "self_link": "https://sqladmin.googleapis.com/sql/v1beta4/projects/akiva-sandbox/instances/app-db-instance",
            "server_ca_cert": [
              {
                "cert": "-----BEGIN CERTIFICATE-----\nMIIDfzCCAmegAwIBAgIBADANBgkqhkiG9w0BAQsFADB3MS0wKwYDVQQuEyQyMGFk\nODE1Mi1lODAxLTQ3YzYtODRjZi01NDY3MzQ5YzkyNDIxIzAhBgNVBAMTGkdvb2ds\nZSBDbG91ZCBTUUwgU2VydmVyIENBMRQwEgYDVQQKEwtHb29nbGUsIEluYzELMAkG\nA1UEBhMCVVMwHhcNMjMxMjA1MTA1NTE0WhcNMzMxMjAyMTA1NjE0WjB3MS0wKwYD\nVQQuEyQyMGFkODE1Mi1lODAxLTQ3YzYtODRjZi01NDY3MzQ5YzkyNDIxIzAhBgNV\nBAMTGkdvb2dsZSBDbG91ZCBTUUwgU2VydmVyIENBMRQwEgYDVQQKEwtHb29nbGUs\nIEluYzELMAkGA1UEBhMCVVMwggEiMA0GCSqGSIb3DQEBAQUAA4IBDwAwggEKAoIB\nAQCrK1uM3MZUyCpNqGNJoosCe4wcUpsyJKOTpHVhKfkkVBQtH0gznafC1Vt3/Ou7\nSiR/Sziqk8urAy5R1+AOQXWmZhfBV0cDPCIYV1W3uMiO8RjVJPrmm3oZohd8UliR\nDs/fcgdmBL/8EwaqwyTtZDFdxQWvLyaoNQRPMUa5zJYtIiEYy+OwYnQXgh1sBVLA\ntv0WpfMmH5FyiJAbOwf2DoLuJSGUqNy5DfEBElkETXmjiaZjAMQ5IJmRW0yjQC/i\n1lj4bNpRsKb6RU32Y2K3U2ZQDKQd+PWzmMtOiGAMYKZoDMsUXgKYlyxI1Roq/+5V\nnDDGJH1MoLU98zJty2qwzpzfAgMBAAGjFjAUMBIGA1UdEwEB/wQIMAYBAf8CAQAw\nDQYJKoZIhvcNAQELBQADggEBAILjYQwmjubS1NNjH/LpBm3H6/ZtDqCUDQ2cDqCR\nJmy+e/CChBtNQXkcQyKVA5nMgQss0ls0/ThnsNtpZGDTykyuxEQPG82cUd6Li6Dp\nf5CvVBS4fOReseWqyEqk2FQaYMplVh46VT0+z5VLTt4wnsiF/zc9TKoBQSqcP7KZ\nwnq29FmL59AUV17ElgKLdgrbp5lLuU3w+rcLzkSKq7EGsHwqabXwG+S0Yeg8d/ii\ng9HwfecEBc/cHe1kUdGLHqf24llF1gBG24ZrpeAaYRDpXtDBN8YFj+ZgIe5eBWI0\nAsmbxI7KrSA8Q5vCJ9eA/ozMB5hsxN64WBhGSnKeGgHXQdc=\n-----END CERTIFICATE-----",
                "common_name": "C=US,O=Google\\, Inc,CN=Google Cloud SQL Server CA,dnQualifier=20ad8152-e801-47c6-84cf-5467349c9242",
                "create_time": "2023-12-05T10:55:14.584Z",
                "expiration_time": "2033-12-02T10:56:14.584Z",
                "sha1_fingerprint": "c14dbb35d23778837a7c0c98f8ae2260d205f0ca"
              }
            ],
            "service_account_email_address": "p653089912503-mj7e8m@gcp-sa-cloud-sql.iam.gserviceaccount.com",
            "settings": [
              {
                "activation_policy": "ALWAYS",
                "active_directory_config": [],
                "advanced_machine_features": [],
                "availability_type": "ZONAL",
                "backup_configuration": [
                  {
                    "backup_retention_settings": [
                      {
                        "retained_backups": 7,
                        "retention_unit": "COUNT"
                      }
                    ],
                    "binary_log_enabled": false,
                    "enabled": false,
                    "location": "",
                    "point_in_time_recovery_enabled": false,
                    "start_time": "12:00",
                    "transaction_log_retention_days": 7
                  }
                ],
                "collation": "",
                "connector_enforcement": "NOT_REQUIRED",
                "data_cache_config": [],
                "database_flags": [],
                "deletion_protection_enabled": false,
                "deny_maintenance_period": [],
                "disk_autoresize": true,
                "disk_autoresize_limit": 0,
                "disk_size": 10,
                "disk_type": "PD_SSD",
                "edition": "ENTERPRISE",
                "insights_config": [],
                "ip_configuration": [
                  {
                    "allocated_ip_range": "",
                    "authorized_networks": [],
                    "enable_private_path_for_google_cloud_services": false,
                    "ipv4_enabled": true,
                    "private_network": "",
                    "psc_config": [],
                    "require_ssl": false,
                    "ssl_mode": ""
                  }
                ],
                "location_preference": [
                  {
                    "follow_gae_application": "",
                    "secondary_zone": "",
                    "zone": "us-central1-b"
                  }
                ],
                "maintenance_window": [],
                "password_validation_policy": [],
                "pricing_plan": "PER_USE",
                "sql_server_audit_config": [],
                "tier": "db-f1-micro",
                "time_zone": "",
                "user_labels": {},
                "version": 1
              }
            ],
            "timeouts": null
          },
          "sensitive_attributes": [],
          "private": "eyJlMmJmYjczMC1lY2FhLTExZTYtOGY4OC0zNDM2M2JjN2M0YzAiOnsiY3JlYXRlIjoyNDAwMDAwMDAwMDAwLCJkZWxldGUiOjE4MDAwMDAwMDAwMDAsInVwZGF0ZSI6MTgwMDAwMDAwMDAwMH19"
        }
      ]
    },
    {
      "mode": "managed",
      "type": "google_sql_user",
      "name": "app_db_user",
      "provider": "provider[\"registry.terraform.io/hashicorp/google\"]",
      "instances": [
        {
          "schema_version": 1,
          "attributes": {
            "deletion_policy": null,
            "host": "",
            "id": "app-db-user//app-db-instance",
            "instance": "app-db-instance",
            "name": "app-db-user",
            "password": "pass",
            "password_policy": [],
            "project": "akiva-sandbox",
            "sql_server_user_details": [],
            "timeouts": null,
            "type": ""
          },
          "sensitive_attributes": [],
          "private": "eyJlMmJmYjczMC1lY2FhLTExZTYtOGY4OC0zNDM2M2JjN2M0YzAiOnsiY3JlYXRlIjo2MDAwMDAwMDAwMDAsImRlbGV0ZSI6NjAwMDAwMDAwMDAwLCJ1cGRhdGUiOjYwMDAwMDAwMDAwMH0sInNjaGVtYV92ZXJzaW9uIjoiMSJ9",
          "dependencies": [
            "google_sql_database_instance.db_instance"
          ]
        }
      ]
    }
  ],
  "check_results": null
}
